
Microsoft Visual Studio Solution File, Format Version 12.00
# Visual Studio Version 17
VisualStudioVersion = 17.8.34511.84
MinimumVisualStudioVersion = 10.0.40219.1
Project("{FAE04EC0-301F-11D3-BF4B-00C04F79EFBC}") = "Filme", "Filme\Filme.csproj", "{E36AB3B9-3FB2-4E52-8B76-E13E60107AD6}"
EndProject
Global
	GlobalSection(SolutionConfigurationPlatforms) = preSolution
		Debug|Any CPU = Debug|Any CPU
		Release|Any CPU = Release|Any CPU
	EndGlobalSection
	GlobalSection(ProjectConfigurationPlatforms) = postSolution
		{E36AB3B9-3FB2-4E52-8B76-E13E60107AD6}.Debug|Any CPU.ActiveCfg = Debug|Any CPU
		{E36AB3B9-3FB2-4E52-8B76-E13E60107AD6}.Debug|Any CPU.Build.0 = Debug|Any CPU
		{E36AB3B9-3FB2-4E52-8B76-E13E60107AD6}.Release|Any CPU.ActiveCfg = Release|Any CPU
		{E36AB3B9-3FB2-4E52-8B76-E13E60107AD6}.Release|Any CPU.Build.0 = Release|Any CPU
	EndGlobalSection
	GlobalSection(SolutionProperties) = preSolution
		HideSolutionNode = FALSE
	EndGlobalSection
	GlobalSection(ExtensibilityGlobals) = postSolution
		SolutionGuid = {C45F98D2-45DC-435A-9C81-22333BFE651A}
	EndGlobalSection
EndGlobal
